
Microsoft Visual Studio Solution File, Format Version 12.00
# Visual Studio Version 17
VisualStudioVersion = 17.10.34928.147
MinimumVisualStudioVersion = 10.0.40219.1
Project("{9A19103F-16F7-4668-BE54-9A1E7A4F7556}") = "cs-mocks-test-doubles-sprint", "cs-mocks-test-doubles-sprint\cs-mocks-test-doubles-sprint.csproj", "{580D7F83-8551-403D-A624-CC77E9394D40}"
EndProject
Project("{9A19103F-16F7-4668-BE54-9A1E7A4F7556}") = "Tests", "Tests\Tests.csproj", "{9BD153B0-3F41-4A5D-8FF9-BFA3F66337B2}"
EndProject
Project("{FAE04EC0-301F-11D3-BF4B-00C04F79EFBC}") = "advanced-task-api", "advanced-task-api\advanced-task-api.csproj", "{71708516-122C-4FD4-9CC4-6B7563C0852F}"
EndProject
Project("{2150E333-8FDC-42A3-9474-1A3956D46DE8}") = "advanced-task", "advanced-task", "{80964A0E-612B-4D0E-9F6F-3581B26274D3}"
EndProject
Project("{FAE04EC0-301F-11D3-BF4B-00C04F79EFBC}") = "advanced-tests", "advanced-tests\advanced-tests.csproj", "{899E500E-8FB9-4335-9B3A-07B7AC3AFAD8}"
EndProject
Global
	GlobalSection(SolutionConfigurationPlatforms) = preSolution
		Debug|Any CPU = Debug|Any CPU
		Release|Any CPU = Release|Any CPU
	EndGlobalSection
	GlobalSection(ProjectConfigurationPlatforms) = postSolution
		{580D7F83-8551-403D-A624-CC77E9394D40}.Debug|Any CPU.ActiveCfg = Debug|Any CPU
		{580D7F83-8551-403D-A624-CC77E9394D40}.Debug|Any CPU.Build.0 = Debug|Any CPU
		{580D7F83-8551-403D-A624-CC77E9394D40}.Release|Any CPU.ActiveCfg = Release|Any CPU
		{580D7F83-8551-403D-A624-CC77E9394D40}.Release|Any CPU.Build.0 = Release|Any CPU
		{9BD153B0-3F41-4A5D-8FF9-BFA3F66337B2}.Debug|Any CPU.ActiveCfg = Debug|Any CPU
		{9BD153B0-3F41-4A5D-8FF9-BFA3F66337B2}.Debug|Any CPU.Build.0 = Debug|Any CPU
		{9BD153B0-3F41-4A5D-8FF9-BFA3F66337B2}.Release|Any CPU.ActiveCfg = Release|Any CPU
		{9BD153B0-3F41-4A5D-8FF9-BFA3F66337B2}.Release|Any CPU.Build.0 = Release|Any CPU
		{71708516-122C-4FD4-9CC4-6B7563C0852F}.Debug|Any CPU.ActiveCfg = Debug|Any CPU
		{71708516-122C-4FD4-9CC4-6B7563C0852F}.Debug|Any CPU.Build.0 = Debug|Any CPU
		{71708516-122C-4FD4-9CC4-6B7563C0852F}.Release|Any CPU.ActiveCfg = Release|Any CPU
		{71708516-122C-4FD4-9CC4-6B7563C0852F}.Release|Any CPU.Build.0 = Release|Any CPU
		{899E500E-8FB9-4335-9B3A-07B7AC3AFAD8}.Debug|Any CPU.ActiveCfg = Debug|Any CPU
		{899E500E-8FB9-4335-9B3A-07B7AC3AFAD8}.Debug|Any CPU.Build.0 = Debug|Any CPU
		{899E500E-8FB9-4335-9B3A-07B7AC3AFAD8}.Release|Any CPU.ActiveCfg = Release|Any CPU
		{899E500E-8FB9-4335-9B3A-07B7AC3AFAD8}.Release|Any CPU.Build.0 = Release|Any CPU
	EndGlobalSection
	GlobalSection(SolutionProperties) = preSolution
		HideSolutionNode = FALSE
	EndGlobalSection
	GlobalSection(NestedProjects) = preSolution
		{71708516-122C-4FD4-9CC4-6B7563C0852F} = {80964A0E-612B-4D0E-9F6F-3581B26274D3}
		{899E500E-8FB9-4335-9B3A-07B7AC3AFAD8} = {80964A0E-612B-4D0E-9F6F-3581B26274D3}
	EndGlobalSection
	GlobalSection(ExtensibilityGlobals) = postSolution
		SolutionGuid = {CAFB6A38-D413-4B72-A107-B548CD651D3F}
	EndGlobalSection
EndGlobal
